
Microsoft Visual Studio Solution File, Format Version 12.00
# Visual Studio 14
VisualStudioVersion = 14.0.25420.1
MinimumVisualStudioVersion = 10.0.40219.1
Project("{FAE04EC0-301F-11D3-BF4B-00C04F79EFBC}") = "WhileCounter", "fig06_01\WhileCounter\WhileCounter\WhileCounter.csproj", "{ACA8D1E7-64F6-4593-8144-D2DECF4B8BED}"
EndProject
Project("{FAE04EC0-301F-11D3-BF4B-00C04F79EFBC}") = "ForCounter", "fig06_02\ForCounter\ForCounter\ForCounter.csproj", "{5851D04F-DE1A-4DB4-9B46-061A13919DB2}"
EndProject
Project("{FAE04EC0-301F-11D3-BF4B-00C04F79EFBC}") = "Sum", "fig06_05\Sum\Sum\Sum.csproj", "{D2392924-06C9-429F-AE50-EA17B5504F47}"
EndProject
Project("{FAE04EC0-301F-11D3-BF4B-00C04F79EFBC}") = "Interest", "fig06_06\Interest\Interest\Interest.csproj", "{0F1F6101-A93C-444A-9317-6D58D4958FF3}"
EndProject
Project("{FAE04EC0-301F-11D3-BF4B-00C04F79EFBC}") = "DoWhileTest", "fig06_07\DoWhileTest\DoWhileTest\DoWhileTest.csproj", "{3FDCF728-6732-41D5-A415-1EFFF085362F}"
EndProject
Project("{FAE04EC0-301F-11D3-BF4B-00C04F79EFBC}") = "GradeBook", "fig06_09_10\GradeBook\GradeBook\GradeBook.csproj", "{C8774431-ED4F-4F7A-AD39-FCE8DC85C78A}"
EndProject
Project("{FAE04EC0-301F-11D3-BF4B-00C04F79EFBC}") = "BreakTest", "fig06_12\BreakTest\BreakTest\BreakTest.csproj", "{8DB8D83A-D749-4D88-AB14-5FDED78BC90A}"
EndProject
Project("{FAE04EC0-301F-11D3-BF4B-00C04F79EFBC}") = "ContinueTest", "fig06_13\ContinueTest\ContinueTest\ContinueTest.csproj", "{1AD8F5AC-F020-4EEE-B39A-91ED05888D8A}"
EndProject
Project("{FAE04EC0-301F-11D3-BF4B-00C04F79EFBC}") = "LogicalOperators", "fig06_18\LogicalOperators\LogicalOperators\LogicalOperators.csproj", "{C4CB9B0D-754F-44CE-81B4-E6D92B0244E5}"
EndProject
Project("{FAE04EC0-301F-11D3-BF4B-00C04F79EFBC}") = "ExCap6", "ExCap6\ExCap6.csproj", "{87109991-B56B-46EA-8E1C-66E426903F51}"
EndProject
Global
	GlobalSection(SolutionConfigurationPlatforms) = preSolution
		Debug|Any CPU = Debug|Any CPU
		Release|Any CPU = Release|Any CPU
	EndGlobalSection
	GlobalSection(ProjectConfigurationPlatforms) = postSolution
		{ACA8D1E7-64F6-4593-8144-D2DECF4B8BED}.Debug|Any CPU.ActiveCfg = Debug|Any CPU
		{ACA8D1E7-64F6-4593-8144-D2DECF4B8BED}.Debug|Any CPU.Build.0 = Debug|Any CPU
		{ACA8D1E7-64F6-4593-8144-D2DECF4B8BED}.Release|Any CPU.ActiveCfg = Release|Any CPU
		{ACA8D1E7-64F6-4593-8144-D2DECF4B8BED}.Release|Any CPU.Build.0 = Release|Any CPU
		{5851D04F-DE1A-4DB4-9B46-061A13919DB2}.Debug|Any CPU.ActiveCfg = Debug|Any CPU
		{5851D04F-DE1A-4DB4-9B46-061A13919DB2}.Debug|Any CPU.Build.0 = Debug|Any CPU
		{5851D04F-DE1A-4DB4-9B46-061A13919DB2}.Release|Any CPU.ActiveCfg = Release|Any CPU
		{5851D04F-DE1A-4DB4-9B46-061A13919DB2}.Release|Any CPU.Build.0 = Release|Any CPU
		{D2392924-06C9-429F-AE50-EA17B5504F47}.Debug|Any CPU.ActiveCfg = Debug|Any CPU
		{D2392924-06C9-429F-AE50-EA17B5504F47}.Debug|Any CPU.Build.0 = Debug|Any CPU
		{D2392924-06C9-429F-AE50-EA17B5504F47}.Release|Any CPU.ActiveCfg = Release|Any CPU
		{D2392924-06C9-429F-AE50-EA17B5504F47}.Release|Any CPU.Build.0 = Release|Any CPU
		{0F1F6101-A93C-444A-9317-6D58D4958FF3}.Debug|Any CPU.ActiveCfg = Debug|Any CPU
		{0F1F6101-A93C-444A-9317-6D58D4958FF3}.Debug|Any CPU.Build.0 = Debug|Any CPU
		{0F1F6101-A93C-444A-9317-6D58D4958FF3}.Release|Any CPU.ActiveCfg = Release|Any CPU
		{0F1F6101-A93C-444A-9317-6D58D4958FF3}.Release|Any CPU.Build.0 = Release|Any CPU
		{3FDCF728-6732-41D5-A415-1EFFF085362F}.Debug|Any CPU.ActiveCfg = Debug|Any CPU
		{3FDCF728-6732-41D5-A415-1EFFF085362F}.Debug|Any CPU.Build.0 = Debug|Any CPU
		{3FDCF728-6732-41D5-A415-1EFFF085362F}.Release|Any CPU.ActiveCfg = Release|Any CPU
		{3FDCF728-6732-41D5-A415-1EFFF085362F}.Release|Any CPU.Build.0 = Release|Any CPU
		{C8774431-ED4F-4F7A-AD39-FCE8DC85C78A}.Debug|Any CPU.ActiveCfg = Debug|Any CPU
		{C8774431-ED4F-4F7A-AD39-FCE8DC85C78A}.Debug|Any CPU.Build.0 = Debug|Any CPU
		{C8774431-ED4F-4F7A-AD39-FCE8DC85C78A}.Release|Any CPU.ActiveCfg = Release|Any CPU
		{C8774431-ED4F-4F7A-AD39-FCE8DC85C78A}.Release|Any CPU.Build.0 = Release|Any CPU
		{8DB8D83A-D749-4D88-AB14-5FDED78BC90A}.Debug|Any CPU.ActiveCfg = Debug|Any CPU
		{8DB8D83A-D749-4D88-AB14-5FDED78BC90A}.Debug|Any CPU.Build.0 = Debug|Any CPU
		{8DB8D83A-D749-4D88-AB14-5FDED78BC90A}.Release|Any CPU.ActiveCfg = Release|Any CPU
		{8DB8D83A-D749-4D88-AB14-5FDED78BC90A}.Release|Any CPU.Build.0 = Release|Any CPU
		{1AD8F5AC-F020-4EEE-B39A-91ED05888D8A}.Debug|Any CPU.ActiveCfg = Debug|Any CPU
		{1AD8F5AC-F020-4EEE-B39A-91ED05888D8A}.Debug|Any CPU.Build.0 = Debug|Any CPU
		{1AD8F5AC-F020-4EEE-B39A-91ED05888D8A}.Release|Any CPU.ActiveCfg = Release|Any CPU
		{1AD8F5AC-F020-4EEE-B39A-91ED05888D8A}.Release|Any CPU.Build.0 = Release|Any CPU
		{C4CB9B0D-754F-44CE-81B4-E6D92B0244E5}.Debug|Any CPU.ActiveCfg = Debug|Any CPU
		{C4CB9B0D-754F-44CE-81B4-E6D92B0244E5}.Debug|Any CPU.Build.0 = Debug|Any CPU
		{C4CB9B0D-754F-44CE-81B4-E6D92B0244E5}.Release|Any CPU.ActiveCfg = Release|Any CPU
		{C4CB9B0D-754F-44CE-81B4-E6D92B0244E5}.Release|Any CPU.Build.0 = Release|Any CPU
		{87109991-B56B-46EA-8E1C-66E426903F51}.Debug|Any CPU.ActiveCfg = Debug|Any CPU
		{87109991-B56B-46EA-8E1C-66E426903F51}.Debug|Any CPU.Build.0 = Debug|Any CPU
		{87109991-B56B-46EA-8E1C-66E426903F51}.Release|Any CPU.ActiveCfg = Release|Any CPU
		{87109991-B56B-46EA-8E1C-66E426903F51}.Release|Any CPU.Build.0 = Release|Any CPU
	EndGlobalSection
	GlobalSection(SolutionProperties) = preSolution
		HideSolutionNode = FALSE
	EndGlobalSection
EndGlobal
